<?xml version="1.0" encoding="UTF-8" standalone="yes" ?>
<CodeBlocks_project_file>
	<FileVersion major="1" minor="6" />
	<Project>
		<Option title="cMaster" />
		<Option pch_mode="2" />
		<Option compiler="gcc" />
		<Build>
			<Target title="Debug">
				<Option output="bin/Debug/cMaster" prefix_auto="1" extension_auto="1" />
				<Option object_output="obj/Debug/" />
				<Option type="1" />
				<Option compiler="gcc" />
				<Compiler>
					<Add option="-g" />
				</Compiler>
			</Target>
			<Target title="Release">
				<Option output="bin/Release/cMaster" prefix_auto="1" extension_auto="1" />
				<Option object_output="obj/Release/" />
				<Option type="1" />
				<Option compiler="gcc" />
				<Compiler>
					<Add option="-O2" />
				</Compiler>
				<Linker>
					<Add option="-s" />
				</Linker>
			</Target>
		</Build>
		<Compiler>
			<Add option="-Wall" />
		</Compiler>
		<Unit filename="exercises/1.txt" />
		<Unit filename="exercises/10.txt" />
		<Unit filename="exercises/11.txt" />
		<Unit filename="exercises/12.txt" />
		<Unit filename="exercises/13.txt" />
		<Unit filename="exercises/14.txt" />
		<Unit filename="exercises/15.txt" />
		<Unit filename="exercises/2.txt" />
		<Unit filename="exercises/3.txt" />
		<Unit filename="exercises/4.txt" />
		<Unit filename="exercises/5.txt" />
		<Unit filename="exercises/6.txt" />
		<Unit filename="exercises/7.txt" />
		<Unit filename="exercises/8.txt" />
		<Unit filename="exercises/9.txt" />
		<Unit filename="main.c">
			<Option compilerVar="CC" />
		</Unit>
		<Unit filename="testLib.h" />
		<Extensions>
			<lib_finder disable_auto="1" />
		</Extensions>
	</Project>
</CodeBlocks_project_file>
